{
  "nodes": {
    "flake-utils": {
      "locked": {
        "lastModified": 1659877975,
        "narHash": "sha256-zllb8aq3YO3h8B/U0/J1WBgAL8EX5yWf5pMj3G0NAmc=",
        "owner": "numtide",
        "repo": "flake-utils",
        "rev": "c0e246b9b83f637f4681389ecabcb2681b4f3af0",
        "type": "github"
      },
      "original": {
        "owner": "numtide",
        "repo": "flake-utils",
        "type": "github"
      }
    },
    "jassdoc": {
      "inputs": {
        "flake-utils": [
          "flake-utils"
        ],
        "nixpkgs": [
          "nixpkgs"
        ]
      },
      "locked": {
        "lastModified": 1663776625,
        "narHash": "sha256-92hrFbHw3VG58xIYfisTWJYD7nfhj6RbhaPeDi4tFss=",
        "owner": "lep",
        "repo": "jassdoc",
        "rev": "18210e3705a9528e05a007396e3e2cb36ceb0cec",
        "type": "github"
      },
      "original": {
        "owner": "lep",
        "repo": "jassdoc",
        "type": "github"
      }
    },
    "nixpkgs": {
      "locked": {
        "lastModified": 1662379004,
        "narHash": "sha256-Tdfu9IeLf/MzEG/WO5uG8C0qSBnmcfm2fDRyDHusJQQ=",
        "owner": "NixOS",
        "repo": "nixpkgs",
        "rev": "ce2fb59c6422c6c377095863b7a72720713f2ea8",
        "type": "github"
      },
      "original": {
        "owner": "NixOS",
        "repo": "nixpkgs",
        "type": "github"
      }
    },
    "root": {
      "inputs": {
        "flake-utils": "flake-utils",
        "jassdoc": "jassdoc",
        "nixpkgs": "nixpkgs"
      }
    }
  },
  "root": "root",
  "version": 7
}
